
Microsoft Visual Studio Solution File, Format Version 12.00
# Visual Studio Version 16
VisualStudioVersion = 16.0.30309.148
MinimumVisualStudioVersion = 10.0.40219.1
Project("{FAE04EC0-301F-11D3-BF4B-00C04F79EFBC}") = "QLHS", "QLHS\QLHS.csproj", "{0A9B4902-4D84-46EE-88CB-71919A544586}"
EndProject
Global
	GlobalSection(SolutionConfigurationPlatforms) = preSolution
		Debug|Any CPU = Debug|Any CPU
		Release|Any CPU = Release|Any CPU
	EndGlobalSection
	GlobalSection(ProjectConfigurationPlatforms) = postSolution
		{0A9B4902-4D84-46EE-88CB-71919A544586}.Debug|Any CPU.ActiveCfg = Debug|Any CPU
		{0A9B4902-4D84-46EE-88CB-71919A544586}.Debug|Any CPU.Build.0 = Debug|Any CPU
		{0A9B4902-4D84-46EE-88CB-71919A544586}.Release|Any CPU.ActiveCfg = Release|Any CPU
		{0A9B4902-4D84-46EE-88CB-71919A544586}.Release|Any CPU.Build.0 = Release|Any CPU
	EndGlobalSection
	GlobalSection(SolutionProperties) = preSolution
		HideSolutionNode = FALSE
	EndGlobalSection
	GlobalSection(ExtensibilityGlobals) = postSolution
		SolutionGuid = {4CC96630-7F5F-413C-ACF6-E69C005D7212}
	EndGlobalSection
EndGlobal
